<?xml version="1.0" encoding="utf-8"?>
<Project ToolsVersion="4.0" xmlns="http://schemas.microsoft.com/developer/msbuild/2003">
  <ItemGroup>
    <Filter Include="Source Files">
      <UniqueIdentifier>{4FC737F1-C7A5-4376-A066-2A32D752A2FF}</UniqueIdentifier>
      <Extensions>cpp;c;cc;cxx;c++;cppm;ixx;def;odl;idl;hpj;bat;asm;asmx</Extensions>
    </Filter>
    <Filter Include="Header Files">
      <UniqueIdentifier>{93995380-89BD-4b04-88EB-625FBE52EBFB}</UniqueIdentifier>
      <Extensions>h;hh;hpp;hxx;h++;hm;inl;inc;ipp;xsd</Extensions>
    </Filter>
    <Filter Include="Resource Files">
      <UniqueIdentifier>{67DA6AB6-F800-4c08-8B7A-83BB121AAD01}</UniqueIdentifier>
      <Extensions>rc;ico;cur;bmp;dlg;rc2;rct;bin;rgs;gif;jpg;jpeg;jpe;resx;tiff;tif;png;wav;mfcribbon-ms</Extensions>
    </Filter>
  </ItemGroup>
  <ItemGroup>
    <ClCompile Include="main.cpp">
      <Filter>Source Files</Filter>
    </ClCompile>
    <ClCompile Include="tile.cpp">
      <Filter>Source Files</Filter>
    </ClCompile>
    <ClCompile Include="board.cpp">
      <Filter>Source Files</Filter>
    </ClCompile>
    <ClCompile Include="place.cpp">
      <Filter>Source Files</Filter>
    </ClCompile>
    <ClCompile Include="tile_air.cpp">
      <Filter>Source Files</Filter>
    </ClCompile>
    <ClCompile Include="tile_water.cpp">
      <Filter>Source Files</Filter>
    </ClCompile>
    <ClCompile Include="tile_earth.cpp">
      <Filter>Source Files</Filter>
    </ClCompile>
    <ClCompile Include="tile_fire.cpp">
      <Filter>Source Files</Filter>
    </ClCompile>
    <ClCompile Include="tile_lotus.cpp">
      <Filter>Source Files</Filter>
    </ClCompile>
    <ClCompile Include="place_index.cpp">
      <Filter>Source Files</Filter>
    </ClCompile>
    <ClCompile Include="tile_thorn.cpp">
      <Filter>Source Files</Filter>
    </ClCompile>
    <ClCompile Include="tile_boulder.cpp">
      <Filter>Source Files</Filter>
    </ClCompile>
    <ClCompile Include="Game.cpp">
      <Filter>Source Files</Filter>
    </ClCompile>
    <ClCompile Include="button.cpp">
      <Filter>Source Files</Filter>
    </ClCompile>
    <ClCompile Include="button_air.cpp">
      <Filter>Source Files</Filter>
    </ClCompile>
    <ClCompile Include="button_manager.cpp">
      <Filter>Source Files</Filter>
    </ClCompile>
    <ClCompile Include="button_water.cpp">
      <Filter>Source Files</Filter>
    </ClCompile>
    <ClCompile Include="button_earth.cpp">
      <Filter>Source Files</Filter>
    </ClCompile>
    <ClCompile Include="button_fire.cpp">
      <Filter>Source Files</Filter>
    </ClCompile>
    <ClCompile Include="button_boulder.cpp">
      <Filter>Source Files</Filter>
    </ClCompile>
    <ClCompile Include="button_thorn.cpp">
      <Filter>Source Files</Filter>
    </ClCompile>
    <ClCompile Include="menu.cpp">
      <Filter>Source Files</Filter>
    </ClCompile>
    <ClCompile Include="button_harmony.cpp">
      <Filter>Source Files</Filter>
    </ClCompile>
    <ClCompile Include="button_text.cpp">
      <Filter>Source Files</Filter>
    </ClCompile>
  </ItemGroup>
  <ItemGroup>
    <ClInclude Include="tile.h">
      <Filter>Header Files</Filter>
    </ClInclude>
    <ClInclude Include="board.h">
      <Filter>Header Files</Filter>
    </ClInclude>
    <ClInclude Include="place.h">
      <Filter>Header Files</Filter>
    </ClInclude>
    <ClInclude Include="tile_air.h">
      <Filter>Header Files</Filter>
    </ClInclude>
    <ClInclude Include="tile_water.h">
      <Filter>Header Files</Filter>
    </ClInclude>
    <ClInclude Include="tile_earth.h">
      <Filter>Header Files</Filter>
    </ClInclude>
    <ClInclude Include="tile_fire.h">
      <Filter>Header Files</Filter>
    </ClInclude>
    <ClInclude Include="tile_lotus.h">
      <Filter>Header Files</Filter>
    </ClInclude>
    <ClInclude Include="tile_thorn.h">
      <Filter>Header Files</Filter>
    </ClInclude>
    <ClInclude Include="tile_boulder.h">
      <Filter>Header Files</Filter>
    </ClInclude>
    <ClInclude Include="Game.h">
      <Filter>Header Files</Filter>
    </ClInclude>
    <ClInclude Include="button.h">
      <Filter>Header Files</Filter>
    </ClInclude>
    <ClInclude Include="button_air.h">
      <Filter>Header Files</Filter>
    </ClInclude>
    <ClInclude Include="button_manager.h">
      <Filter>Header Files</Filter>
    </ClInclude>
    <ClInclude Include="button_water.h">
      <Filter>Header Files</Filter>
    </ClInclude>
    <ClInclude Include="button_earth.h">
      <Filter>Header Files</Filter>
    </ClInclude>
    <ClInclude Include="button_fire.h">
      <Filter>Header Files</Filter>
    </ClInclude>
    <ClInclude Include="button_boulder.h">
      <Filter>Header Files</Filter>
    </ClInclude>
    <ClInclude Include="button_thorn.h">
      <Filter>Header Files</Filter>
    </ClInclude>
    <ClInclude Include="menu.h">
      <Filter>Header Files</Filter>
    </ClInclude>
    <ClInclude Include="button_harmony.h">
      <Filter>Header Files</Filter>
    </ClInclude>
    <ClInclude Include="button_text.h">
      <Filter>Header Files</Filter>
    </ClInclude>
  </ItemGroup>
</Project>